
Microsoft Visual Studio Solution File, Format Version 12.00
# Visual Studio Version 17
VisualStudioVersion = 17.5.33414.496
MinimumVisualStudioVersion = 10.0.40219.1
Project("{8BC9CEB8-8B4A-11D0-8D11-00A0C91BC942}") = "Tetris", "Tetris\Tetris.vcxproj", "{2443CDA2-168A-49B9-A21B-0FF6058CDAAB}"
EndProject
Project("{2150E333-8FDC-42A3-9474-1A3956D46DE8}") = "方案項目", "方案項目", "{FED0B11A-F5F9-4070-91AF-F6A1AE0E445A}"
	ProjectSection(SolutionItems) = preProject
		main.c = main.c
	EndProjectSection
EndProject
Global
	GlobalSection(SolutionConfigurationPlatforms) = preSolution
		Debug|x64 = Debug|x64
		Debug|x86 = Debug|x86
		Release|x64 = Release|x64
		Release|x86 = Release|x86
	EndGlobalSection
	GlobalSection(ProjectConfigurationPlatforms) = postSolution
		{2443CDA2-168A-49B9-A21B-0FF6058CDAAB}.Debug|x64.ActiveCfg = Debug|x64
		{2443CDA2-168A-49B9-A21B-0FF6058CDAAB}.Debug|x64.Build.0 = Debug|x64
		{2443CDA2-168A-49B9-A21B-0FF6058CDAAB}.Debug|x86.ActiveCfg = Debug|Win32
		{2443CDA2-168A-49B9-A21B-0FF6058CDAAB}.Debug|x86.Build.0 = Debug|Win32
		{2443CDA2-168A-49B9-A21B-0FF6058CDAAB}.Release|x64.ActiveCfg = Release|x64
		{2443CDA2-168A-49B9-A21B-0FF6058CDAAB}.Release|x64.Build.0 = Release|x64
		{2443CDA2-168A-49B9-A21B-0FF6058CDAAB}.Release|x86.ActiveCfg = Release|Win32
		{2443CDA2-168A-49B9-A21B-0FF6058CDAAB}.Release|x86.Build.0 = Release|Win32
	EndGlobalSection
	GlobalSection(SolutionProperties) = preSolution
		HideSolutionNode = FALSE
	EndGlobalSection
	GlobalSection(ExtensibilityGlobals) = postSolution
		SolutionGuid = {1A11D4F5-4987-4B1C-8647-16CF093C0136}
	EndGlobalSection
EndGlobal
